
Microsoft Visual Studio Solution File, Format Version 12.00
# Visual Studio Version 16
VisualStudioVersion = 16.0.810.19
MinimumVisualStudioVersion = 10.0.40219.1
Project("{FAE04EC0-301F-11D3-BF4B-00C04F79EFBC}") = "SingleResponsibilityPrinciple", "SingleResponsibilityPrinciple\SingleResponsibilityPrinciple.csproj", "{4A4D1182-93FC-463D-A095-C39E98D6ECD2}"
EndProject
Project("{FAE04EC0-301F-11D3-BF4B-00C04F79EFBC}") = "OpenClosedPrinciple", "OpenClosedPrinciple\OpenClosedPrinciple.csproj", "{097EC978-97AA-444D-8811-9E97721215CD}"
EndProject
Project("{FAE04EC0-301F-11D3-BF4B-00C04F79EFBC}") = "LiskovSubstitutionPrinciple", "LiskovSubstitutionPrinciple\LiskovSubstitutionPrinciple.csproj", "{A9090AB1-D8C1-4A3D-ABEF-F70C8DFD54DA}"
EndProject
Project("{FAE04EC0-301F-11D3-BF4B-00C04F79EFBC}") = "InterfaceSegregationPrinciple", "InterfaceSegregationPrinciple\InterfaceSegregationPrinciple.csproj", "{8DA12552-5519-492E-962D-DF820C8CF1A9}"
EndProject
Project("{FAE04EC0-301F-11D3-BF4B-00C04F79EFBC}") = "DependencyInversionPrinciple", "DependencyInversionPrinciple\DependencyInversionPrinciple.csproj", "{81287DF5-6944-4688-8512-EDC126F85A58}"
EndProject
Project("{FAE04EC0-301F-11D3-BF4B-00C04F79EFBC}") = "Builder", "Builder\Builder.csproj", "{5B89B35A-89FF-47A6-B233-BE483E3CC8DD}"
EndProject
Project("{FAE04EC0-301F-11D3-BF4B-00C04F79EFBC}") = "FluentBuilderInheritanceWithRecursiveGenerics", "FluentBuilderInheritanceWithRecursiveGenerics\FluentBuilderInheritanceWithRecursiveGenerics.csproj", "{1929BDB9-0456-401E-A31A-837B1E9DD6BB}"
EndProject
Project("{FAE04EC0-301F-11D3-BF4B-00C04F79EFBC}") = "StepwiseBuilder", "StepwiseBuilder\StepwiseBuilder.csproj", "{ACF97ED7-5FF2-46C8-85C2-AC5B0DC48068}"
EndProject
Project("{FAE04EC0-301F-11D3-BF4B-00C04F79EFBC}") = "FunctionalBuilder", "FunctionalBuilder\FunctionalBuilder.csproj", "{0DC2BF82-9284-44C9-96FE-9699F2C94F9C}"
EndProject
Project("{FAE04EC0-301F-11D3-BF4B-00C04F79EFBC}") = "FacetedBuilder", "FacetedBuilder\FacetedBuilder.csproj", "{6D1A64C4-F7FC-4A03-93E0-5B08DE6D1122}"
EndProject
Project("{2150E333-8FDC-42A3-9474-1A3956D46DE8}") = "Builders", "Builders", "{F44B5437-4F74-46DD-ACAF-80D8F3E1493F}"
EndProject
Project("{2150E333-8FDC-42A3-9474-1A3956D46DE8}") = "SOLID", "SOLID", "{860CA2C4-014E-4386-9DDE-874B45F4F4D4}"
EndProject
Project("{2150E333-8FDC-42A3-9474-1A3956D46DE8}") = "Factories", "Factories", "{991CE712-C8E3-4179-83D1-8D0686DC9DC0}"
EndProject
Project("{FAE04EC0-301F-11D3-BF4B-00C04F79EFBC}") = "ProblemExample", "Factory\ProblemExample.csproj", "{CB26B64B-5433-483D-8BB6-80F07A9406EF}"
EndProject
Project("{FAE04EC0-301F-11D3-BF4B-00C04F79EFBC}") = "Factory", "Factory\Factory\Factory.csproj", "{633A2A2F-F929-48DE-B2B2-8451C9964AC7}"
EndProject
Project("{FAE04EC0-301F-11D3-BF4B-00C04F79EFBC}") = "AsynchronousFactoryMethod", "Factory\AsynchronousFactoryMethod\AsynchronousFactoryMethod.csproj", "{53892C2F-8007-4E3C-8FA2-977E42F9D22A}"
EndProject
Project("{FAE04EC0-301F-11D3-BF4B-00C04F79EFBC}") = "ObjectTrackingAndBulkReplacement", "Factory\ObjectTrackingAndBulkReplacement\ObjectTrackingAndBulkReplacement.csproj", "{BC03E8CD-F31E-43EF-AE1A-90FBB521EAF7}"
EndProject
Project("{FAE04EC0-301F-11D3-BF4B-00C04F79EFBC}") = "AbstractFactory", "Factory\AbstractFactory\AbstractFactory.csproj", "{AFC7EA6B-C05E-4684-986C-9D4BE8DBC80A}"
EndProject
Project("{FAE04EC0-301F-11D3-BF4B-00C04F79EFBC}") = "Prototype", "Prototype\Prototype.csproj", "{58E66AFE-6598-4129-A85A-BB1B358F6195}"
EndProject
Project("{2150E333-8FDC-42A3-9474-1A3956D46DE8}") = "Prototype", "Prototype", "{A18B4330-630E-4015-BEA4-DB511987F441}"
EndProject
Project("{FAE04EC0-301F-11D3-BF4B-00C04F79EFBC}") = "PrototypeInheritance", "Prototype\PrototypeInheritance\PrototypeInheritance.csproj", "{05281E6D-29A6-4278-BF79-63655D2ADF9C}"
EndProject
Project("{2150E333-8FDC-42A3-9474-1A3956D46DE8}") = "Singleton", "Singleton", "{01926744-5045-4072-90C9-F0353AFEE2B6}"
EndProject
Project("{FAE04EC0-301F-11D3-BF4B-00C04F79EFBC}") = "Singleton", "Singleton\Singleton.csproj", "{11F5CF09-54A8-4C81-87B7-6AC7B4187B5E}"
EndProject
Project("{FAE04EC0-301F-11D3-BF4B-00C04F79EFBC}") = "Monostate", "Singleton\Monostate\Monostate.csproj", "{0464A611-6176-4700-975A-1972F822496B}"
EndProject
Project("{FAE04EC0-301F-11D3-BF4B-00C04F79EFBC}") = "PerThreadSingleton", "Singleton\PerThreadSingleton\PerThreadSingleton.csproj", "{7CE5977E-7273-4D5B-96FF-F8B13897D779}"
EndProject
Project("{FAE04EC0-301F-11D3-BF4B-00C04F79EFBC}") = "AmbientContext", "Singleton\AmbientContext\AmbientContext.csproj", "{FA95A6C6-0969-40BC-AA78-A8466C9F4F2C}"
EndProject
Project("{2150E333-8FDC-42A3-9474-1A3956D46DE8}") = "Adapter", "Adapter", "{F9E3AF2B-C3B8-48A1-9544-4BED1EECAC1D}"
EndProject
Project("{FAE04EC0-301F-11D3-BF4B-00C04F79EFBC}") = "Adapter", "Adapter\Adapter.csproj", "{85450086-5777-45C6-AAAC-27AAF9911EFF}"
EndProject
Project("{FAE04EC0-301F-11D3-BF4B-00C04F79EFBC}") = "GenericValueAdapter", "Adapter\GenericValueAdapter\GenericValueAdapter.csproj", "{611B3048-0B80-4E6E-ADDF-D9D8AEF4B19D}"
EndProject
Project("{FAE04EC0-301F-11D3-BF4B-00C04F79EFBC}") = "AdapaterInDependencyInjection", "Adapter\AdapaterInDependencyInjection\AdapaterInDependencyInjection.csproj", "{9D2C0F80-1F6B-4A12-9DE2-D99E0C93FEC8}"
EndProject
Project("{2150E333-8FDC-42A3-9474-1A3956D46DE8}") = "Bridge", "Bridge", "{0041E17A-2791-4CFB-9F70-B4AAFF1FAFA6}"
EndProject
Project("{FAE04EC0-301F-11D3-BF4B-00C04F79EFBC}") = "Bridge", "Bridge\Bridge.csproj", "{B30A3F04-07C6-471E-B730-F9A189BB1347}"
EndProject
Project("{2150E333-8FDC-42A3-9474-1A3956D46DE8}") = "Composite", "Composite", "{CB919B7E-57A7-46C8-AC7D-07F9EB0EB586}"
EndProject
Project("{FAE04EC0-301F-11D3-BF4B-00C04F79EFBC}") = "Composite", "Composite\Composite.csproj", "{FC1FE5A9-6D52-4D33-84A5-EBA68BF97A4F}"
EndProject
Project("{2150E333-8FDC-42A3-9474-1A3956D46DE8}") = "Decorator", "Decorator", "{D05E0840-90B9-4DDA-84BD-554EFC1F0E27}"
EndProject
Project("{FAE04EC0-301F-11D3-BF4B-00C04F79EFBC}") = "CustomStringBuilder", "CustomStringBuilder\CustomStringBuilder.csproj", "{A1D88965-C07F-44CA-9863-91F5CBAB6205}"
EndProject
Project("{FAE04EC0-301F-11D3-BF4B-00C04F79EFBC}") = "NeuralNetwork", "Composite\NeuralNetwork\NeuralNetwork.csproj", "{DB96D59D-DAAB-4ED8-98B6-D5736BBD6E7A}"
EndProject
Project("{FAE04EC0-301F-11D3-BF4B-00C04F79EFBC}") = "Adapter-Decorator", "CustomStringBuilder\Adapter-Decorator\Adapter-Decorator.csproj", "{E5B64E6E-EFF0-4AA7-81E0-81ECECF6E24F}"
EndProject
Project("{FAE04EC0-301F-11D3-BF4B-00C04F79EFBC}") = "MultipleInheritanceWithInterfaces", "CustomStringBuilder\MultipleInheritanceWithInterfaces\MultipleInheritanceWithInterfaces.csproj", "{C6FBCC58-DCAB-4B1A-B179-3EA1BE89DFC4}"
EndProject
Project("{FAE04EC0-301F-11D3-BF4B-00C04F79EFBC}") = "MultipleInheritanceWithDefaultInterfaceMembers", "CustomStringBuilder\MultipleInheritanceWithDefaultInterfaceMembers\MultipleInheritanceWithDefaultInterfaceMembers.csproj", "{1AB7010F-6CDD-4557-894B-B40A92A641C0}"
EndProject
Project("{FAE04EC0-301F-11D3-BF4B-00C04F79EFBC}") = "DynamicDecoratorComposition", "CustomStringBuilder\DynamicDecoratorComposition\DynamicDecoratorComposition.csproj", "{BE343D26-D201-4F7C-8D4F-213897750964}"
EndProject
Project("{FAE04EC0-301F-11D3-BF4B-00C04F79EFBC}") = "DetectingDecoratorCycles", "CustomStringBuilder\DetectingDecoratorCycles\DetectingDecoratorCycles.csproj", "{8E81C4BC-3157-4BCC-A434-0DB76166F82D}"
EndProject
Project("{FAE04EC0-301F-11D3-BF4B-00C04F79EFBC}") = "DecoratorInDependencyInjection", "CustomStringBuilder\DecoratorInDependencyInjection\DecoratorInDependencyInjection.csproj", "{9CE2347C-C0C9-4966-8477-916A9BF197FD}"
EndProject
Project("{2150E333-8FDC-42A3-9474-1A3956D46DE8}") = "Flyweight", "Flyweight", "{902FE1BA-90E6-41D3-A630-AB80AAEE14DB}"
EndProject
Project("{FAE04EC0-301F-11D3-BF4B-00C04F79EFBC}") = "RepeatingUserNames", "RepeatingUserNames\RepeatingUserNames.csproj", "{DF390B3F-A006-4AC2-BCC1-15B1E0320FA8}"
EndProject
Project("{FAE04EC0-301F-11D3-BF4B-00C04F79EFBC}") = "FormattedText", "RepeatingUserNames\FormattedText\FormattedText.csproj", "{6D896164-735E-4E09-B96D-EEE4673C5759}"
EndProject
Project("{2150E333-8FDC-42A3-9474-1A3956D46DE8}") = "Proxy", "Proxy", "{B8A71E49-383F-4A29-8F33-D72F8FB982B1}"
EndProject
Project("{FAE04EC0-301F-11D3-BF4B-00C04F79EFBC}") = "ProtectionProxy", "ProtectionProxy\ProtectionProxy.csproj", "{69B077BD-52DC-41A3-9162-8DE34C766902}"
EndProject
Project("{FAE04EC0-301F-11D3-BF4B-00C04F79EFBC}") = "PropertyProxy", "ProtectionProxy\PropertyProxy\PropertyProxy.csproj", "{FEAC0B6D-F2C7-4F3C-86FB-0BF32C9CA040}"
EndProject
Project("{FAE04EC0-301F-11D3-BF4B-00C04F79EFBC}") = "CompositeProxy", "ProtectionProxy\CompositeProxy\CompositeProxy.csproj", "{E7E6CF1C-B945-45BF-8A84-DC628DF47CBC}"
EndProject
Project("{FAE04EC0-301F-11D3-BF4B-00C04F79EFBC}") = "CompositeProxyWithArrayBackedProperties", "ProtectionProxy\CompositeProxyWithArrayBackedProperties\CompositeProxyWithArrayBackedProperties.csproj", "{13C3D18C-52B3-4F2E-AC2A-07DD80958CB1}"
EndProject
Project("{FAE04EC0-301F-11D3-BF4B-00C04F79EFBC}") = "ViewModel", "ProtectionProxy\ViewModel\ViewModel.csproj", "{B99A1F92-AFC2-4E17-9C97-444C949C52C3}"
EndProject
Project("{FAE04EC0-301F-11D3-BF4B-00C04F79EFBC}") = "ValueProxy", "ProtectionProxy\ValueProxy\ValueProxy.csproj", "{1BE0645D-8C6A-43CC-AAF6-0F3213D477D2}"
EndProject
Project("{2150E333-8FDC-42A3-9474-1A3956D46DE8}") = "ChainOfResponsibility", "ChainOfResponsibility", "{7E94A941-AB19-4484-831F-1F5E8F6D43E0}"
EndProject
Project("{FAE04EC0-301F-11D3-BF4B-00C04F79EFBC}") = "MethodChain", "MethodChain\MethodChain.csproj", "{274B080B-6A34-4F90-B5AD-A03E73FB38BE}"
EndProject
Project("{FAE04EC0-301F-11D3-BF4B-00C04F79EFBC}") = "BrokerChain", "MethodChain\BrokerChain\BrokerChain.csproj", "{DCE62F75-1313-4954-BB25-4A5FAECBA4C6}"
EndProject
Global
	GlobalSection(SolutionConfigurationPlatforms) = preSolution
		Debug|Any CPU = Debug|Any CPU
		Release|Any CPU = Release|Any CPU
	EndGlobalSection
	GlobalSection(ProjectConfigurationPlatforms) = postSolution
		{4A4D1182-93FC-463D-A095-C39E98D6ECD2}.Debug|Any CPU.ActiveCfg = Debug|Any CPU
		{4A4D1182-93FC-463D-A095-C39E98D6ECD2}.Debug|Any CPU.Build.0 = Debug|Any CPU
		{4A4D1182-93FC-463D-A095-C39E98D6ECD2}.Release|Any CPU.ActiveCfg = Release|Any CPU
		{4A4D1182-93FC-463D-A095-C39E98D6ECD2}.Release|Any CPU.Build.0 = Release|Any CPU
		{097EC978-97AA-444D-8811-9E97721215CD}.Debug|Any CPU.ActiveCfg = Debug|Any CPU
		{097EC978-97AA-444D-8811-9E97721215CD}.Debug|Any CPU.Build.0 = Debug|Any CPU
		{097EC978-97AA-444D-8811-9E97721215CD}.Release|Any CPU.ActiveCfg = Release|Any CPU
		{097EC978-97AA-444D-8811-9E97721215CD}.Release|Any CPU.Build.0 = Release|Any CPU
		{A9090AB1-D8C1-4A3D-ABEF-F70C8DFD54DA}.Debug|Any CPU.ActiveCfg = Debug|Any CPU
		{A9090AB1-D8C1-4A3D-ABEF-F70C8DFD54DA}.Debug|Any CPU.Build.0 = Debug|Any CPU
		{A9090AB1-D8C1-4A3D-ABEF-F70C8DFD54DA}.Release|Any CPU.ActiveCfg = Release|Any CPU
		{A9090AB1-D8C1-4A3D-ABEF-F70C8DFD54DA}.Release|Any CPU.Build.0 = Release|Any CPU
		{8DA12552-5519-492E-962D-DF820C8CF1A9}.Debug|Any CPU.ActiveCfg = Debug|Any CPU
		{8DA12552-5519-492E-962D-DF820C8CF1A9}.Debug|Any CPU.Build.0 = Debug|Any CPU
		{8DA12552-5519-492E-962D-DF820C8CF1A9}.Release|Any CPU.ActiveCfg = Release|Any CPU
		{8DA12552-5519-492E-962D-DF820C8CF1A9}.Release|Any CPU.Build.0 = Release|Any CPU
		{81287DF5-6944-4688-8512-EDC126F85A58}.Debug|Any CPU.ActiveCfg = Debug|Any CPU
		{81287DF5-6944-4688-8512-EDC126F85A58}.Debug|Any CPU.Build.0 = Debug|Any CPU
		{81287DF5-6944-4688-8512-EDC126F85A58}.Release|Any CPU.ActiveCfg = Release|Any CPU
		{81287DF5-6944-4688-8512-EDC126F85A58}.Release|Any CPU.Build.0 = Release|Any CPU
		{5B89B35A-89FF-47A6-B233-BE483E3CC8DD}.Debug|Any CPU.ActiveCfg = Debug|Any CPU
		{5B89B35A-89FF-47A6-B233-BE483E3CC8DD}.Debug|Any CPU.Build.0 = Debug|Any CPU
		{5B89B35A-89FF-47A6-B233-BE483E3CC8DD}.Release|Any CPU.ActiveCfg = Release|Any CPU
		{5B89B35A-89FF-47A6-B233-BE483E3CC8DD}.Release|Any CPU.Build.0 = Release|Any CPU
		{1929BDB9-0456-401E-A31A-837B1E9DD6BB}.Debug|Any CPU.ActiveCfg = Debug|Any CPU
		{1929BDB9-0456-401E-A31A-837B1E9DD6BB}.Debug|Any CPU.Build.0 = Debug|Any CPU
		{1929BDB9-0456-401E-A31A-837B1E9DD6BB}.Release|Any CPU.ActiveCfg = Release|Any CPU
		{1929BDB9-0456-401E-A31A-837B1E9DD6BB}.Release|Any CPU.Build.0 = Release|Any CPU
		{ACF97ED7-5FF2-46C8-85C2-AC5B0DC48068}.Debug|Any CPU.ActiveCfg = Debug|Any CPU
		{ACF97ED7-5FF2-46C8-85C2-AC5B0DC48068}.Debug|Any CPU.Build.0 = Debug|Any CPU
		{ACF97ED7-5FF2-46C8-85C2-AC5B0DC48068}.Release|Any CPU.ActiveCfg = Release|Any CPU
		{ACF97ED7-5FF2-46C8-85C2-AC5B0DC48068}.Release|Any CPU.Build.0 = Release|Any CPU
		{0DC2BF82-9284-44C9-96FE-9699F2C94F9C}.Debug|Any CPU.ActiveCfg = Debug|Any CPU
		{0DC2BF82-9284-44C9-96FE-9699F2C94F9C}.Debug|Any CPU.Build.0 = Debug|Any CPU
		{0DC2BF82-9284-44C9-96FE-9699F2C94F9C}.Release|Any CPU.ActiveCfg = Release|Any CPU
		{0DC2BF82-9284-44C9-96FE-9699F2C94F9C}.Release|Any CPU.Build.0 = Release|Any CPU
		{6D1A64C4-F7FC-4A03-93E0-5B08DE6D1122}.Debug|Any CPU.ActiveCfg = Debug|Any CPU
		{6D1A64C4-F7FC-4A03-93E0-5B08DE6D1122}.Debug|Any CPU.Build.0 = Debug|Any CPU
		{6D1A64C4-F7FC-4A03-93E0-5B08DE6D1122}.Release|Any CPU.ActiveCfg = Release|Any CPU
		{6D1A64C4-F7FC-4A03-93E0-5B08DE6D1122}.Release|Any CPU.Build.0 = Release|Any CPU
		{CB26B64B-5433-483D-8BB6-80F07A9406EF}.Debug|Any CPU.ActiveCfg = Debug|Any CPU
		{CB26B64B-5433-483D-8BB6-80F07A9406EF}.Debug|Any CPU.Build.0 = Debug|Any CPU
		{CB26B64B-5433-483D-8BB6-80F07A9406EF}.Release|Any CPU.ActiveCfg = Release|Any CPU
		{CB26B64B-5433-483D-8BB6-80F07A9406EF}.Release|Any CPU.Build.0 = Release|Any CPU
		{633A2A2F-F929-48DE-B2B2-8451C9964AC7}.Debug|Any CPU.ActiveCfg = Debug|Any CPU
		{633A2A2F-F929-48DE-B2B2-8451C9964AC7}.Debug|Any CPU.Build.0 = Debug|Any CPU
		{633A2A2F-F929-48DE-B2B2-8451C9964AC7}.Release|Any CPU.ActiveCfg = Release|Any CPU
		{633A2A2F-F929-48DE-B2B2-8451C9964AC7}.Release|Any CPU.Build.0 = Release|Any CPU
		{53892C2F-8007-4E3C-8FA2-977E42F9D22A}.Debug|Any CPU.ActiveCfg = Debug|Any CPU
		{53892C2F-8007-4E3C-8FA2-977E42F9D22A}.Debug|Any CPU.Build.0 = Debug|Any CPU
		{53892C2F-8007-4E3C-8FA2-977E42F9D22A}.Release|Any CPU.ActiveCfg = Release|Any CPU
		{53892C2F-8007-4E3C-8FA2-977E42F9D22A}.Release|Any CPU.Build.0 = Release|Any CPU
		{BC03E8CD-F31E-43EF-AE1A-90FBB521EAF7}.Debug|Any CPU.ActiveCfg = Debug|Any CPU
		{BC03E8CD-F31E-43EF-AE1A-90FBB521EAF7}.Debug|Any CPU.Build.0 = Debug|Any CPU
		{BC03E8CD-F31E-43EF-AE1A-90FBB521EAF7}.Release|Any CPU.ActiveCfg = Release|Any CPU
		{BC03E8CD-F31E-43EF-AE1A-90FBB521EAF7}.Release|Any CPU.Build.0 = Release|Any CPU
		{AFC7EA6B-C05E-4684-986C-9D4BE8DBC80A}.Debug|Any CPU.ActiveCfg = Debug|Any CPU
		{AFC7EA6B-C05E-4684-986C-9D4BE8DBC80A}.Debug|Any CPU.Build.0 = Debug|Any CPU
		{AFC7EA6B-C05E-4684-986C-9D4BE8DBC80A}.Release|Any CPU.ActiveCfg = Release|Any CPU
		{AFC7EA6B-C05E-4684-986C-9D4BE8DBC80A}.Release|Any CPU.Build.0 = Release|Any CPU
		{58E66AFE-6598-4129-A85A-BB1B358F6195}.Debug|Any CPU.ActiveCfg = Debug|Any CPU
		{58E66AFE-6598-4129-A85A-BB1B358F6195}.Debug|Any CPU.Build.0 = Debug|Any CPU
		{58E66AFE-6598-4129-A85A-BB1B358F6195}.Release|Any CPU.ActiveCfg = Release|Any CPU
		{58E66AFE-6598-4129-A85A-BB1B358F6195}.Release|Any CPU.Build.0 = Release|Any CPU
		{05281E6D-29A6-4278-BF79-63655D2ADF9C}.Debug|Any CPU.ActiveCfg = Debug|Any CPU
		{05281E6D-29A6-4278-BF79-63655D2ADF9C}.Debug|Any CPU.Build.0 = Debug|Any CPU
		{05281E6D-29A6-4278-BF79-63655D2ADF9C}.Release|Any CPU.ActiveCfg = Release|Any CPU
		{05281E6D-29A6-4278-BF79-63655D2ADF9C}.Release|Any CPU.Build.0 = Release|Any CPU
		{11F5CF09-54A8-4C81-87B7-6AC7B4187B5E}.Debug|Any CPU.ActiveCfg = Debug|Any CPU
		{11F5CF09-54A8-4C81-87B7-6AC7B4187B5E}.Debug|Any CPU.Build.0 = Debug|Any CPU
		{11F5CF09-54A8-4C81-87B7-6AC7B4187B5E}.Release|Any CPU.ActiveCfg = Release|Any CPU
		{11F5CF09-54A8-4C81-87B7-6AC7B4187B5E}.Release|Any CPU.Build.0 = Release|Any CPU
		{0464A611-6176-4700-975A-1972F822496B}.Debug|Any CPU.ActiveCfg = Debug|Any CPU
		{0464A611-6176-4700-975A-1972F822496B}.Debug|Any CPU.Build.0 = Debug|Any CPU
		{0464A611-6176-4700-975A-1972F822496B}.Release|Any CPU.ActiveCfg = Release|Any CPU
		{0464A611-6176-4700-975A-1972F822496B}.Release|Any CPU.Build.0 = Release|Any CPU
		{7CE5977E-7273-4D5B-96FF-F8B13897D779}.Debug|Any CPU.ActiveCfg = Debug|Any CPU
		{7CE5977E-7273-4D5B-96FF-F8B13897D779}.Debug|Any CPU.Build.0 = Debug|Any CPU
		{7CE5977E-7273-4D5B-96FF-F8B13897D779}.Release|Any CPU.ActiveCfg = Release|Any CPU
		{7CE5977E-7273-4D5B-96FF-F8B13897D779}.Release|Any CPU.Build.0 = Release|Any CPU
		{FA95A6C6-0969-40BC-AA78-A8466C9F4F2C}.Debug|Any CPU.ActiveCfg = Debug|Any CPU
		{FA95A6C6-0969-40BC-AA78-A8466C9F4F2C}.Debug|Any CPU.Build.0 = Debug|Any CPU
		{FA95A6C6-0969-40BC-AA78-A8466C9F4F2C}.Release|Any CPU.ActiveCfg = Release|Any CPU
		{FA95A6C6-0969-40BC-AA78-A8466C9F4F2C}.Release|Any CPU.Build.0 = Release|Any CPU
		{85450086-5777-45C6-AAAC-27AAF9911EFF}.Debug|Any CPU.ActiveCfg = Debug|Any CPU
		{85450086-5777-45C6-AAAC-27AAF9911EFF}.Debug|Any CPU.Build.0 = Debug|Any CPU
		{85450086-5777-45C6-AAAC-27AAF9911EFF}.Release|Any CPU.ActiveCfg = Release|Any CPU
		{85450086-5777-45C6-AAAC-27AAF9911EFF}.Release|Any CPU.Build.0 = Release|Any CPU
		{611B3048-0B80-4E6E-ADDF-D9D8AEF4B19D}.Debug|Any CPU.ActiveCfg = Debug|Any CPU
		{611B3048-0B80-4E6E-ADDF-D9D8AEF4B19D}.Debug|Any CPU.Build.0 = Debug|Any CPU
		{611B3048-0B80-4E6E-ADDF-D9D8AEF4B19D}.Release|Any CPU.ActiveCfg = Release|Any CPU
		{611B3048-0B80-4E6E-ADDF-D9D8AEF4B19D}.Release|Any CPU.Build.0 = Release|Any CPU
		{9D2C0F80-1F6B-4A12-9DE2-D99E0C93FEC8}.Debug|Any CPU.ActiveCfg = Debug|Any CPU
		{9D2C0F80-1F6B-4A12-9DE2-D99E0C93FEC8}.Debug|Any CPU.Build.0 = Debug|Any CPU
		{9D2C0F80-1F6B-4A12-9DE2-D99E0C93FEC8}.Release|Any CPU.ActiveCfg = Release|Any CPU
		{9D2C0F80-1F6B-4A12-9DE2-D99E0C93FEC8}.Release|Any CPU.Build.0 = Release|Any CPU
		{B30A3F04-07C6-471E-B730-F9A189BB1347}.Debug|Any CPU.ActiveCfg = Debug|Any CPU
		{B30A3F04-07C6-471E-B730-F9A189BB1347}.Debug|Any CPU.Build.0 = Debug|Any CPU
		{B30A3F04-07C6-471E-B730-F9A189BB1347}.Release|Any CPU.ActiveCfg = Release|Any CPU
		{B30A3F04-07C6-471E-B730-F9A189BB1347}.Release|Any CPU.Build.0 = Release|Any CPU
		{FC1FE5A9-6D52-4D33-84A5-EBA68BF97A4F}.Debug|Any CPU.ActiveCfg = Debug|Any CPU
		{FC1FE5A9-6D52-4D33-84A5-EBA68BF97A4F}.Debug|Any CPU.Build.0 = Debug|Any CPU
		{FC1FE5A9-6D52-4D33-84A5-EBA68BF97A4F}.Release|Any CPU.ActiveCfg = Release|Any CPU
		{FC1FE5A9-6D52-4D33-84A5-EBA68BF97A4F}.Release|Any CPU.Build.0 = Release|Any CPU
		{A1D88965-C07F-44CA-9863-91F5CBAB6205}.Debug|Any CPU.ActiveCfg = Debug|Any CPU
		{A1D88965-C07F-44CA-9863-91F5CBAB6205}.Debug|Any CPU.Build.0 = Debug|Any CPU
		{A1D88965-C07F-44CA-9863-91F5CBAB6205}.Release|Any CPU.ActiveCfg = Release|Any CPU
		{A1D88965-C07F-44CA-9863-91F5CBAB6205}.Release|Any CPU.Build.0 = Release|Any CPU
		{DB96D59D-DAAB-4ED8-98B6-D5736BBD6E7A}.Debug|Any CPU.ActiveCfg = Debug|Any CPU
		{DB96D59D-DAAB-4ED8-98B6-D5736BBD6E7A}.Debug|Any CPU.Build.0 = Debug|Any CPU
		{DB96D59D-DAAB-4ED8-98B6-D5736BBD6E7A}.Release|Any CPU.ActiveCfg = Release|Any CPU
		{DB96D59D-DAAB-4ED8-98B6-D5736BBD6E7A}.Release|Any CPU.Build.0 = Release|Any CPU
		{E5B64E6E-EFF0-4AA7-81E0-81ECECF6E24F}.Debug|Any CPU.ActiveCfg = Debug|Any CPU
		{E5B64E6E-EFF0-4AA7-81E0-81ECECF6E24F}.Debug|Any CPU.Build.0 = Debug|Any CPU
		{E5B64E6E-EFF0-4AA7-81E0-81ECECF6E24F}.Release|Any CPU.ActiveCfg = Release|Any CPU
		{E5B64E6E-EFF0-4AA7-81E0-81ECECF6E24F}.Release|Any CPU.Build.0 = Release|Any CPU
		{C6FBCC58-DCAB-4B1A-B179-3EA1BE89DFC4}.Debug|Any CPU.ActiveCfg = Debug|Any CPU
		{C6FBCC58-DCAB-4B1A-B179-3EA1BE89DFC4}.Debug|Any CPU.Build.0 = Debug|Any CPU
		{C6FBCC58-DCAB-4B1A-B179-3EA1BE89DFC4}.Release|Any CPU.ActiveCfg = Release|Any CPU
		{C6FBCC58-DCAB-4B1A-B179-3EA1BE89DFC4}.Release|Any CPU.Build.0 = Release|Any CPU
		{1AB7010F-6CDD-4557-894B-B40A92A641C0}.Debug|Any CPU.ActiveCfg = Debug|Any CPU
		{1AB7010F-6CDD-4557-894B-B40A92A641C0}.Debug|Any CPU.Build.0 = Debug|Any CPU
		{1AB7010F-6CDD-4557-894B-B40A92A641C0}.Release|Any CPU.ActiveCfg = Release|Any CPU
		{1AB7010F-6CDD-4557-894B-B40A92A641C0}.Release|Any CPU.Build.0 = Release|Any CPU
		{BE343D26-D201-4F7C-8D4F-213897750964}.Debug|Any CPU.ActiveCfg = Debug|Any CPU
		{BE343D26-D201-4F7C-8D4F-213897750964}.Debug|Any CPU.Build.0 = Debug|Any CPU
		{BE343D26-D201-4F7C-8D4F-213897750964}.Release|Any CPU.ActiveCfg = Release|Any CPU
		{BE343D26-D201-4F7C-8D4F-213897750964}.Release|Any CPU.Build.0 = Release|Any CPU
		{8E81C4BC-3157-4BCC-A434-0DB76166F82D}.Debug|Any CPU.ActiveCfg = Debug|Any CPU
		{8E81C4BC-3157-4BCC-A434-0DB76166F82D}.Debug|Any CPU.Build.0 = Debug|Any CPU
		{8E81C4BC-3157-4BCC-A434-0DB76166F82D}.Release|Any CPU.ActiveCfg = Release|Any CPU
		{8E81C4BC-3157-4BCC-A434-0DB76166F82D}.Release|Any CPU.Build.0 = Release|Any CPU
		{9CE2347C-C0C9-4966-8477-916A9BF197FD}.Debug|Any CPU.ActiveCfg = Debug|Any CPU
		{9CE2347C-C0C9-4966-8477-916A9BF197FD}.Debug|Any CPU.Build.0 = Debug|Any CPU
		{9CE2347C-C0C9-4966-8477-916A9BF197FD}.Release|Any CPU.ActiveCfg = Release|Any CPU
		{9CE2347C-C0C9-4966-8477-916A9BF197FD}.Release|Any CPU.Build.0 = Release|Any CPU
		{DF390B3F-A006-4AC2-BCC1-15B1E0320FA8}.Debug|Any CPU.ActiveCfg = Debug|Any CPU
		{DF390B3F-A006-4AC2-BCC1-15B1E0320FA8}.Debug|Any CPU.Build.0 = Debug|Any CPU
		{DF390B3F-A006-4AC2-BCC1-15B1E0320FA8}.Release|Any CPU.ActiveCfg = Release|Any CPU
		{DF390B3F-A006-4AC2-BCC1-15B1E0320FA8}.Release|Any CPU.Build.0 = Release|Any CPU
		{6D896164-735E-4E09-B96D-EEE4673C5759}.Debug|Any CPU.ActiveCfg = Debug|Any CPU
		{6D896164-735E-4E09-B96D-EEE4673C5759}.Debug|Any CPU.Build.0 = Debug|Any CPU
		{6D896164-735E-4E09-B96D-EEE4673C5759}.Release|Any CPU.ActiveCfg = Release|Any CPU
		{6D896164-735E-4E09-B96D-EEE4673C5759}.Release|Any CPU.Build.0 = Release|Any CPU
		{69B077BD-52DC-41A3-9162-8DE34C766902}.Debug|Any CPU.ActiveCfg = Debug|Any CPU
		{69B077BD-52DC-41A3-9162-8DE34C766902}.Debug|Any CPU.Build.0 = Debug|Any CPU
		{69B077BD-52DC-41A3-9162-8DE34C766902}.Release|Any CPU.ActiveCfg = Release|Any CPU
		{69B077BD-52DC-41A3-9162-8DE34C766902}.Release|Any CPU.Build.0 = Release|Any CPU
		{FEAC0B6D-F2C7-4F3C-86FB-0BF32C9CA040}.Debug|Any CPU.ActiveCfg = Debug|Any CPU
		{FEAC0B6D-F2C7-4F3C-86FB-0BF32C9CA040}.Debug|Any CPU.Build.0 = Debug|Any CPU
		{FEAC0B6D-F2C7-4F3C-86FB-0BF32C9CA040}.Release|Any CPU.ActiveCfg = Release|Any CPU
		{FEAC0B6D-F2C7-4F3C-86FB-0BF32C9CA040}.Release|Any CPU.Build.0 = Release|Any CPU
		{E7E6CF1C-B945-45BF-8A84-DC628DF47CBC}.Debug|Any CPU.ActiveCfg = Debug|Any CPU
		{E7E6CF1C-B945-45BF-8A84-DC628DF47CBC}.Debug|Any CPU.Build.0 = Debug|Any CPU
		{E7E6CF1C-B945-45BF-8A84-DC628DF47CBC}.Release|Any CPU.ActiveCfg = Release|Any CPU
		{E7E6CF1C-B945-45BF-8A84-DC628DF47CBC}.Release|Any CPU.Build.0 = Release|Any CPU
		{13C3D18C-52B3-4F2E-AC2A-07DD80958CB1}.Debug|Any CPU.ActiveCfg = Debug|Any CPU
		{13C3D18C-52B3-4F2E-AC2A-07DD80958CB1}.Debug|Any CPU.Build.0 = Debug|Any CPU
		{13C3D18C-52B3-4F2E-AC2A-07DD80958CB1}.Release|Any CPU.ActiveCfg = Release|Any CPU
		{13C3D18C-52B3-4F2E-AC2A-07DD80958CB1}.Release|Any CPU.Build.0 = Release|Any CPU
		{B99A1F92-AFC2-4E17-9C97-444C949C52C3}.Debug|Any CPU.ActiveCfg = Debug|Any CPU
		{B99A1F92-AFC2-4E17-9C97-444C949C52C3}.Debug|Any CPU.Build.0 = Debug|Any CPU
		{B99A1F92-AFC2-4E17-9C97-444C949C52C3}.Release|Any CPU.ActiveCfg = Release|Any CPU
		{B99A1F92-AFC2-4E17-9C97-444C949C52C3}.Release|Any CPU.Build.0 = Release|Any CPU
		{1BE0645D-8C6A-43CC-AAF6-0F3213D477D2}.Debug|Any CPU.ActiveCfg = Debug|Any CPU
		{1BE0645D-8C6A-43CC-AAF6-0F3213D477D2}.Debug|Any CPU.Build.0 = Debug|Any CPU
		{1BE0645D-8C6A-43CC-AAF6-0F3213D477D2}.Release|Any CPU.ActiveCfg = Release|Any CPU
		{1BE0645D-8C6A-43CC-AAF6-0F3213D477D2}.Release|Any CPU.Build.0 = Release|Any CPU
		{274B080B-6A34-4F90-B5AD-A03E73FB38BE}.Debug|Any CPU.ActiveCfg = Debug|Any CPU
		{274B080B-6A34-4F90-B5AD-A03E73FB38BE}.Debug|Any CPU.Build.0 = Debug|Any CPU
		{274B080B-6A34-4F90-B5AD-A03E73FB38BE}.Release|Any CPU.ActiveCfg = Release|Any CPU
		{274B080B-6A34-4F90-B5AD-A03E73FB38BE}.Release|Any CPU.Build.0 = Release|Any CPU
		{DCE62F75-1313-4954-BB25-4A5FAECBA4C6}.Debug|Any CPU.ActiveCfg = Debug|Any CPU
		{DCE62F75-1313-4954-BB25-4A5FAECBA4C6}.Debug|Any CPU.Build.0 = Debug|Any CPU
		{DCE62F75-1313-4954-BB25-4A5FAECBA4C6}.Release|Any CPU.ActiveCfg = Release|Any CPU
		{DCE62F75-1313-4954-BB25-4A5FAECBA4C6}.Release|Any CPU.Build.0 = Release|Any CPU
	EndGlobalSection
	GlobalSection(SolutionProperties) = preSolution
		HideSolutionNode = FALSE
	EndGlobalSection
	GlobalSection(ExtensibilityGlobals) = postSolution
		SolutionGuid = {1088A79C-9F50-4FBB-9529-DF32C00C5F81}
	EndGlobalSection
	GlobalSection(NestedProjects) = preSolution
		{5B89B35A-89FF-47A6-B233-BE483E3CC8DD} = {F44B5437-4F74-46DD-ACAF-80D8F3E1493F}
		{6D1A64C4-F7FC-4A03-93E0-5B08DE6D1122} = {F44B5437-4F74-46DD-ACAF-80D8F3E1493F}
		{1929BDB9-0456-401E-A31A-837B1E9DD6BB} = {F44B5437-4F74-46DD-ACAF-80D8F3E1493F}
		{0DC2BF82-9284-44C9-96FE-9699F2C94F9C} = {F44B5437-4F74-46DD-ACAF-80D8F3E1493F}
		{ACF97ED7-5FF2-46C8-85C2-AC5B0DC48068} = {F44B5437-4F74-46DD-ACAF-80D8F3E1493F}
		{81287DF5-6944-4688-8512-EDC126F85A58} = {860CA2C4-014E-4386-9DDE-874B45F4F4D4}
		{8DA12552-5519-492E-962D-DF820C8CF1A9} = {860CA2C4-014E-4386-9DDE-874B45F4F4D4}
		{A9090AB1-D8C1-4A3D-ABEF-F70C8DFD54DA} = {860CA2C4-014E-4386-9DDE-874B45F4F4D4}
		{097EC978-97AA-444D-8811-9E97721215CD} = {860CA2C4-014E-4386-9DDE-874B45F4F4D4}
		{4A4D1182-93FC-463D-A095-C39E98D6ECD2} = {860CA2C4-014E-4386-9DDE-874B45F4F4D4}
		{CB26B64B-5433-483D-8BB6-80F07A9406EF} = {991CE712-C8E3-4179-83D1-8D0686DC9DC0}
		{633A2A2F-F929-48DE-B2B2-8451C9964AC7} = {991CE712-C8E3-4179-83D1-8D0686DC9DC0}
		{53892C2F-8007-4E3C-8FA2-977E42F9D22A} = {991CE712-C8E3-4179-83D1-8D0686DC9DC0}
		{BC03E8CD-F31E-43EF-AE1A-90FBB521EAF7} = {991CE712-C8E3-4179-83D1-8D0686DC9DC0}
		{AFC7EA6B-C05E-4684-986C-9D4BE8DBC80A} = {991CE712-C8E3-4179-83D1-8D0686DC9DC0}
		{58E66AFE-6598-4129-A85A-BB1B358F6195} = {A18B4330-630E-4015-BEA4-DB511987F441}
		{05281E6D-29A6-4278-BF79-63655D2ADF9C} = {A18B4330-630E-4015-BEA4-DB511987F441}
		{11F5CF09-54A8-4C81-87B7-6AC7B4187B5E} = {01926744-5045-4072-90C9-F0353AFEE2B6}
		{0464A611-6176-4700-975A-1972F822496B} = {01926744-5045-4072-90C9-F0353AFEE2B6}
		{7CE5977E-7273-4D5B-96FF-F8B13897D779} = {01926744-5045-4072-90C9-F0353AFEE2B6}
		{FA95A6C6-0969-40BC-AA78-A8466C9F4F2C} = {01926744-5045-4072-90C9-F0353AFEE2B6}
		{85450086-5777-45C6-AAAC-27AAF9911EFF} = {F9E3AF2B-C3B8-48A1-9544-4BED1EECAC1D}
		{611B3048-0B80-4E6E-ADDF-D9D8AEF4B19D} = {F9E3AF2B-C3B8-48A1-9544-4BED1EECAC1D}
		{9D2C0F80-1F6B-4A12-9DE2-D99E0C93FEC8} = {F9E3AF2B-C3B8-48A1-9544-4BED1EECAC1D}
		{B30A3F04-07C6-471E-B730-F9A189BB1347} = {0041E17A-2791-4CFB-9F70-B4AAFF1FAFA6}
		{FC1FE5A9-6D52-4D33-84A5-EBA68BF97A4F} = {CB919B7E-57A7-46C8-AC7D-07F9EB0EB586}
		{A1D88965-C07F-44CA-9863-91F5CBAB6205} = {D05E0840-90B9-4DDA-84BD-554EFC1F0E27}
		{DB96D59D-DAAB-4ED8-98B6-D5736BBD6E7A} = {CB919B7E-57A7-46C8-AC7D-07F9EB0EB586}
		{E5B64E6E-EFF0-4AA7-81E0-81ECECF6E24F} = {D05E0840-90B9-4DDA-84BD-554EFC1F0E27}
		{C6FBCC58-DCAB-4B1A-B179-3EA1BE89DFC4} = {D05E0840-90B9-4DDA-84BD-554EFC1F0E27}
		{1AB7010F-6CDD-4557-894B-B40A92A641C0} = {D05E0840-90B9-4DDA-84BD-554EFC1F0E27}
		{BE343D26-D201-4F7C-8D4F-213897750964} = {D05E0840-90B9-4DDA-84BD-554EFC1F0E27}
		{8E81C4BC-3157-4BCC-A434-0DB76166F82D} = {D05E0840-90B9-4DDA-84BD-554EFC1F0E27}
		{9CE2347C-C0C9-4966-8477-916A9BF197FD} = {D05E0840-90B9-4DDA-84BD-554EFC1F0E27}
		{DF390B3F-A006-4AC2-BCC1-15B1E0320FA8} = {902FE1BA-90E6-41D3-A630-AB80AAEE14DB}
		{6D896164-735E-4E09-B96D-EEE4673C5759} = {902FE1BA-90E6-41D3-A630-AB80AAEE14DB}
		{69B077BD-52DC-41A3-9162-8DE34C766902} = {B8A71E49-383F-4A29-8F33-D72F8FB982B1}
		{FEAC0B6D-F2C7-4F3C-86FB-0BF32C9CA040} = {B8A71E49-383F-4A29-8F33-D72F8FB982B1}
		{E7E6CF1C-B945-45BF-8A84-DC628DF47CBC} = {B8A71E49-383F-4A29-8F33-D72F8FB982B1}
		{13C3D18C-52B3-4F2E-AC2A-07DD80958CB1} = {B8A71E49-383F-4A29-8F33-D72F8FB982B1}
		{B99A1F92-AFC2-4E17-9C97-444C949C52C3} = {B8A71E49-383F-4A29-8F33-D72F8FB982B1}
		{1BE0645D-8C6A-43CC-AAF6-0F3213D477D2} = {B8A71E49-383F-4A29-8F33-D72F8FB982B1}
		{274B080B-6A34-4F90-B5AD-A03E73FB38BE} = {7E94A941-AB19-4484-831F-1F5E8F6D43E0}
		{DCE62F75-1313-4954-BB25-4A5FAECBA4C6} = {7E94A941-AB19-4484-831F-1F5E8F6D43E0}
	EndGlobalSection
EndGlobal
