
Microsoft Visual Studio Solution File, Format Version 12.00
# Visual Studio Version 16
VisualStudioVersion = 16.0.810.19
MinimumVisualStudioVersion = 10.0.40219.1
Project("{FAE04EC0-301F-11D3-BF4B-00C04F79EFBC}") = "SingleResponsibilityPrinciple", "SingleResponsibilityPrinciple\SingleResponsibilityPrinciple.csproj", "{4A4D1182-93FC-463D-A095-C39E98D6ECD2}"
EndProject
Project("{FAE04EC0-301F-11D3-BF4B-00C04F79EFBC}") = "OpenClosedPrinciple", "OpenClosedPrinciple\OpenClosedPrinciple.csproj", "{097EC978-97AA-444D-8811-9E97721215CD}"
EndProject
Project("{FAE04EC0-301F-11D3-BF4B-00C04F79EFBC}") = "LiskovSubstitutionPrinciple", "LiskovSubstitutionPrinciple\LiskovSubstitutionPrinciple.csproj", "{A9090AB1-D8C1-4A3D-ABEF-F70C8DFD54DA}"
EndProject
Project("{FAE04EC0-301F-11D3-BF4B-00C04F79EFBC}") = "InterfaceSegregationPrinciple", "InterfaceSegregationPrinciple\InterfaceSegregationPrinciple.csproj", "{8DA12552-5519-492E-962D-DF820C8CF1A9}"
EndProject
Project("{FAE04EC0-301F-11D3-BF4B-00C04F79EFBC}") = "DependencyInversionPrinciple", "DependencyInversionPrinciple\DependencyInversionPrinciple.csproj", "{81287DF5-6944-4688-8512-EDC126F85A58}"
EndProject
Global
	GlobalSection(SolutionConfigurationPlatforms) = preSolution
		Debug|Any CPU = Debug|Any CPU
		Release|Any CPU = Release|Any CPU
	EndGlobalSection
	GlobalSection(ProjectConfigurationPlatforms) = postSolution
		{4A4D1182-93FC-463D-A095-C39E98D6ECD2}.Debug|Any CPU.ActiveCfg = Debug|Any CPU
		{4A4D1182-93FC-463D-A095-C39E98D6ECD2}.Debug|Any CPU.Build.0 = Debug|Any CPU
		{4A4D1182-93FC-463D-A095-C39E98D6ECD2}.Release|Any CPU.ActiveCfg = Release|Any CPU
		{4A4D1182-93FC-463D-A095-C39E98D6ECD2}.Release|Any CPU.Build.0 = Release|Any CPU
		{097EC978-97AA-444D-8811-9E97721215CD}.Debug|Any CPU.ActiveCfg = Debug|Any CPU
		{097EC978-97AA-444D-8811-9E97721215CD}.Debug|Any CPU.Build.0 = Debug|Any CPU
		{097EC978-97AA-444D-8811-9E97721215CD}.Release|Any CPU.ActiveCfg = Release|Any CPU
		{097EC978-97AA-444D-8811-9E97721215CD}.Release|Any CPU.Build.0 = Release|Any CPU
		{A9090AB1-D8C1-4A3D-ABEF-F70C8DFD54DA}.Debug|Any CPU.ActiveCfg = Debug|Any CPU
		{A9090AB1-D8C1-4A3D-ABEF-F70C8DFD54DA}.Debug|Any CPU.Build.0 = Debug|Any CPU
		{A9090AB1-D8C1-4A3D-ABEF-F70C8DFD54DA}.Release|Any CPU.ActiveCfg = Release|Any CPU
		{A9090AB1-D8C1-4A3D-ABEF-F70C8DFD54DA}.Release|Any CPU.Build.0 = Release|Any CPU
		{8DA12552-5519-492E-962D-DF820C8CF1A9}.Debug|Any CPU.ActiveCfg = Debug|Any CPU
		{8DA12552-5519-492E-962D-DF820C8CF1A9}.Debug|Any CPU.Build.0 = Debug|Any CPU
		{8DA12552-5519-492E-962D-DF820C8CF1A9}.Release|Any CPU.ActiveCfg = Release|Any CPU
		{8DA12552-5519-492E-962D-DF820C8CF1A9}.Release|Any CPU.Build.0 = Release|Any CPU
		{81287DF5-6944-4688-8512-EDC126F85A58}.Debug|Any CPU.ActiveCfg = Debug|Any CPU
		{81287DF5-6944-4688-8512-EDC126F85A58}.Debug|Any CPU.Build.0 = Debug|Any CPU
		{81287DF5-6944-4688-8512-EDC126F85A58}.Release|Any CPU.ActiveCfg = Release|Any CPU
		{81287DF5-6944-4688-8512-EDC126F85A58}.Release|Any CPU.Build.0 = Release|Any CPU
	EndGlobalSection
	GlobalSection(SolutionProperties) = preSolution
		HideSolutionNode = FALSE
	EndGlobalSection
	GlobalSection(ExtensibilityGlobals) = postSolution
		SolutionGuid = {1088A79C-9F50-4FBB-9529-DF32C00C5F81}
	EndGlobalSection
EndGlobal
